
Microsoft Visual Studio Solution File, Format Version 12.00
# Visual Studio Version 17
VisualStudioVersion = 17.1.32210.238
MinimumVisualStudioVersion = 10.0.40219.1
Project("{FAE04EC0-301F-11D3-BF4B-00C04F79EFBC}") = "WPF_HomeWork1", "WPF_HomeWork1\WPF_HomeWork1.csproj", "{4DDF64A4-E5BA-43C7-8594-B26DB780D7D8}"
EndProject
Global
	GlobalSection(SolutionConfigurationPlatforms) = preSolution
		Debug|Any CPU = Debug|Any CPU
		Release|Any CPU = Release|Any CPU
	EndGlobalSection
	GlobalSection(ProjectConfigurationPlatforms) = postSolution
		{4DDF64A4-E5BA-43C7-8594-B26DB780D7D8}.Debug|Any CPU.ActiveCfg = Debug|Any CPU
		{4DDF64A4-E5BA-43C7-8594-B26DB780D7D8}.Debug|Any CPU.Build.0 = Debug|Any CPU
		{4DDF64A4-E5BA-43C7-8594-B26DB780D7D8}.Release|Any CPU.ActiveCfg = Release|Any CPU
		{4DDF64A4-E5BA-43C7-8594-B26DB780D7D8}.Release|Any CPU.Build.0 = Release|Any CPU
	EndGlobalSection
	GlobalSection(SolutionProperties) = preSolution
		HideSolutionNode = FALSE
	EndGlobalSection
	GlobalSection(ExtensibilityGlobals) = postSolution
		SolutionGuid = {DE2ACA5B-9EBB-47ED-AB3A-8893AE13A788}
	EndGlobalSection
EndGlobal
